{
  "dependencies": {
    "dropbox": {
      "version": "0.10.3",
      "dependencies": {
        "open": {
          "version": "0.0.5"
        },
        "xhr2": {
          "version": "0.1.2"
        }
      }
    },
    "jsonwebtoken": {
      "version": "5.0.0",
      "dependencies": {
        "jws": {
          "version": "3.0.0",
          "dependencies": {
            "jwa": {
              "version": "1.0.0",
              "dependencies": {
                "base64url": {
                  "version": "0.0.6"
                },
                "buffer-equal-constant-time": {
                  "version": "1.0.1"
                }
              }
            },
            "base64url": {
              "version": "1.0.4",
              "dependencies": {
                "concat-stream": {
                  "version": "1.4.8",
                  "dependencies": {
                    "inherits": {
                      "version": "2.0.1"
                    },
                    "typedarray": {
                      "version": "0.0.6"
                    },
                    "readable-stream": {
                      "version": "1.1.13",
                      "dependencies": {
                        "core-util-is": {
                          "version": "1.0.1"
                        },
                        "isarray": {
                          "version": "0.0.1"
                        },
                        "string_decoder": {
                          "version": "0.10.31"
                        }
                      }
                    }
                  }
                },
                "meow": {
                  "version": "2.0.0",
                  "dependencies": {
                    "camelcase-keys": {
                      "version": "1.0.0",
                      "dependencies": {
                        "camelcase": {
                          "version": "1.0.2"
                        },
                        "map-obj": {
                          "version": "1.0.1"
                        }
                      }
                    },
                    "indent-string": {
                      "version": "1.2.1",
                      "dependencies": {
                        "get-stdin": {
                          "version": "4.0.1"
                        },
                        "repeating": {
                          "version": "1.1.2",
                          "dependencies": {
                            "is-finite": {
                              "version": "1.0.0"
                            },
                            "meow": {
                              "version": "3.1.0",
                              "dependencies": {
                                "object-assign": {
                                  "version": "2.0.0"
                                }
                              }
                            }
                          }
                        }
                      }
                    },
                    "minimist": {
                      "version": "1.1.1"
                    },
                    "object-assign": {
                      "version": "1.0.0"
                    }
                  }
                }
              }
            }
          }
        }
      }
    }
  }
}
